Microsoft Visual Studio Solution File, Format Version 12.00
# Visual Studio 15
VisualStudioVersion = 15.0.25807.0
MinimumVisualStudioVersion = 10.0.40219.1
Project("{2150E333-8FDC-42A3-9474-1A3956D46DE8}") = "Engine", "Engine", "{6BEF61EB-6A55-40BA-8007-7C235BF9E946}"
EndProject
Project("{2150E333-8FDC-42A3-9474-1A3956D46DE8}") = "Games", "Games", "{987C096D-3383-4EB1-9DAF-87AC94F336CB}"
EndProject
Project("{8BC9CEB8-8B4A-11D0-8D11-00A0C91BC942}") = "BuildEscape", "Intermediate\ProjectFiles\BuildEscape.vcxproj", "{43227F34-87E3-4932-8C1E-2ED4DE99E78A}"
EndProject
Project("{8BC9CEB8-8B4A-11D0-8D11-00A0C91BC942}") = "UE4", "Intermediate\ProjectFiles\UE4.vcxproj", "{2B2EE939-F58B-46DA-8246-98D8A160917A}"
EndProject
Project("{2150E333-8FDC-42A3-9474-1A3956D46DE8}") = "Visualizers", "Visualizers", "{31D4E5F7-550D-460D-81E2-4ADE29BFABF4}"
	ProjectSection(SolutionItems) = preProject
		..\..\Unreal\UE_4.21\Engine\Extras\VisualStudioDebugging\UE4.natvis = ..\..\Unreal\UE_4.21\Engine\Extras\VisualStudioDebugging\UE4.natvis
	EndProjectSection
EndProject
Global
	GlobalSection(SolutionConfigurationPlatforms) = preSolution
		DebugGame Editor|HTML5 = DebugGame Editor|HTML5
		DebugGame Editor|Win32 = DebugGame Editor|Win32
		DebugGame Editor|Win64 = DebugGame Editor|Win64
		DebugGame|HTML5 = DebugGame|HTML5
		DebugGame|Win32 = DebugGame|Win32
		DebugGame|Win64 = DebugGame|Win64
		Development Editor|HTML5 = Development Editor|HTML5
		Development Editor|Win32 = Development Editor|Win32
		Development Editor|Win64 = Development Editor|Win64
		Development|HTML5 = Development|HTML5
		Development|Win32 = Development|Win32
		Development|Win64 = Development|Win64
		Shipping|HTML5 = Shipping|HTML5
		Shipping|Win32 = Shipping|Win32
		Shipping|Win64 = Shipping|Win64
	EndGlobalSection
	GlobalSection(ProjectConfigurationPlatforms) = postSolution
		{43227F34-87E3-4932-8C1E-2ED4DE99E78A}.DebugGame Editor|HTML5.ActiveCfg = Invalid|Win32
		{43227F34-87E3-4932-8C1E-2ED4DE99E78A}.DebugGame Editor|Win32.ActiveCfg = Invalid|Win32
		{43227F34-87E3-4932-8C1E-2ED4DE99E78A}.DebugGame Editor|Win64.ActiveCfg = DebugGame_Editor|x64
		{43227F34-87E3-4932-8C1E-2ED4DE99E78A}.DebugGame Editor|Win64.Build.0 = DebugGame_Editor|x64
		{43227F34-87E3-4932-8C1E-2ED4DE99E78A}.DebugGame|HTML5.ActiveCfg = HTML5_DebugGame|Win32
		{43227F34-87E3-4932-8C1E-2ED4DE99E78A}.DebugGame|HTML5.Build.0 = HTML5_DebugGame|Win32
		{43227F34-87E3-4932-8C1E-2ED4DE99E78A}.DebugGame|Win32.ActiveCfg = DebugGame|Win32
		{43227F34-87E3-4932-8C1E-2ED4DE99E78A}.DebugGame|Win32.Build.0 = DebugGame|Win32
		{43227F34-87E3-4932-8C1E-2ED4DE99E78A}.DebugGame|Win64.ActiveCfg = DebugGame|x64
		{43227F34-87E3-4932-8C1E-2ED4DE99E78A}.DebugGame|Win64.Build.0 = DebugGame|x64
		{43227F34-87E3-4932-8C1E-2ED4DE99E78A}.Development Editor|HTML5.ActiveCfg = Invalid|Win32
		{43227F34-87E3-4932-8C1E-2ED4DE99E78A}.Development Editor|Win32.ActiveCfg = Invalid|Win32
		{43227F34-87E3-4932-8C1E-2ED4DE99E78A}.Development Editor|Win64.ActiveCfg = Development_Editor|x64
		{43227F34-87E3-4932-8C1E-2ED4DE99E78A}.Development Editor|Win64.Build.0 = Development_Editor|x64
		{43227F34-87E3-4932-8C1E-2ED4DE99E78A}.Development|HTML5.ActiveCfg = HTML5_Development|Win32
		{43227F34-87E3-4932-8C1E-2ED4DE99E78A}.Development|HTML5.Build.0 = HTML5_Development|Win32
		{43227F34-87E3-4932-8C1E-2ED4DE99E78A}.Development|Win32.ActiveCfg = Development|Win32
		{43227F34-87E3-4932-8C1E-2ED4DE99E78A}.Development|Win32.Build.0 = Development|Win32
		{43227F34-87E3-4932-8C1E-2ED4DE99E78A}.Development|Win64.ActiveCfg = Development|x64
		{43227F34-87E3-4932-8C1E-2ED4DE99E78A}.Development|Win64.Build.0 = Development|x64
		{43227F34-87E3-4932-8C1E-2ED4DE99E78A}.Shipping|HTML5.ActiveCfg = HTML5_Shipping|Win32
		{43227F34-87E3-4932-8C1E-2ED4DE99E78A}.Shipping|HTML5.Build.0 = HTML5_Shipping|Win32
		{43227F34-87E3-4932-8C1E-2ED4DE99E78A}.Shipping|Win32.ActiveCfg = Shipping|Win32
		{43227F34-87E3-4932-8C1E-2ED4DE99E78A}.Shipping|Win32.Build.0 = Shipping|Win32
		{43227F34-87E3-4932-8C1E-2ED4DE99E78A}.Shipping|Win64.ActiveCfg = Shipping|x64
		{43227F34-87E3-4932-8C1E-2ED4DE99E78A}.Shipping|Win64.Build.0 = Shipping|x64
		{2B2EE939-F58B-46DA-8246-98D8A160917A}.DebugGame Editor|HTML5.ActiveCfg = BuiltWithUnrealBuildTool|Win32
		{2B2EE939-F58B-46DA-8246-98D8A160917A}.DebugGame Editor|Win32.ActiveCfg = BuiltWithUnrealBuildTool|Win32
		{2B2EE939-F58B-46DA-8246-98D8A160917A}.DebugGame Editor|Win64.ActiveCfg = BuiltWithUnrealBuildTool|Win32
		{2B2EE939-F58B-46DA-8246-98D8A160917A}.DebugGame|HTML5.ActiveCfg = BuiltWithUnrealBuildTool|Win32
		{2B2EE939-F58B-46DA-8246-98D8A160917A}.DebugGame|Win32.ActiveCfg = BuiltWithUnrealBuildTool|Win32
		{2B2EE939-F58B-46DA-8246-98D8A160917A}.DebugGame|Win64.ActiveCfg = BuiltWithUnrealBuildTool|Win32
		{2B2EE939-F58B-46DA-8246-98D8A160917A}.Development Editor|HTML5.ActiveCfg = BuiltWithUnrealBuildTool|Win32
		{2B2EE939-F58B-46DA-8246-98D8A160917A}.Development Editor|Win32.ActiveCfg = BuiltWithUnrealBuildTool|Win32
		{2B2EE939-F58B-46DA-8246-98D8A160917A}.Development Editor|Win64.ActiveCfg = BuiltWithUnrealBuildTool|Win32
		{2B2EE939-F58B-46DA-8246-98D8A160917A}.Development|HTML5.ActiveCfg = BuiltWithUnrealBuildTool|Win32
		{2B2EE939-F58B-46DA-8246-98D8A160917A}.Development|Win32.ActiveCfg = BuiltWithUnrealBuildTool|Win32
		{2B2EE939-F58B-46DA-8246-98D8A160917A}.Development|Win64.ActiveCfg = BuiltWithUnrealBuildTool|Win32
		{2B2EE939-F58B-46DA-8246-98D8A160917A}.Shipping|HTML5.ActiveCfg = BuiltWithUnrealBuildTool|Win32
		{2B2EE939-F58B-46DA-8246-98D8A160917A}.Shipping|Win32.ActiveCfg = BuiltWithUnrealBuildTool|Win32
		{2B2EE939-F58B-46DA-8246-98D8A160917A}.Shipping|Win64.ActiveCfg = BuiltWithUnrealBuildTool|Win32
	EndGlobalSection
	GlobalSection(SolutionProperties) = preSolution
		HideSolutionNode = FALSE
	EndGlobalSection
	GlobalSection(NestedProjects) = preSolution
		{2B2EE939-F58B-46DA-8246-98D8A160917A} = {6BEF61EB-6A55-40BA-8007-7C235BF9E946}
		{43227F34-87E3-4932-8C1E-2ED4DE99E78A} = {987C096D-3383-4EB1-9DAF-87AC94F336CB}
		{43227F34-87E3-4932-8C1E-2ED4DE99E78A} = {987C096D-3383-4EB1-9DAF-87AC94F336CB}
	EndGlobalSection
EndGlobal
